schema: '2.0'
stages:
  data_collections:
    cmd: python3 src/data/data_collection.py
    deps:
    - path: src/data/data_collection.py
      hash: md5
      md5: c0b58c0359e66fb3a365240ee9e822d0
      size: 2016
    params:
      params.yaml:
        data_collection.test_size: 0.2
    outs:
    - path: data/raw
      hash: md5
      md5: 6943e655800134f51910892c621c7b98.dir
      size: 518984
      nfiles: 2
  data_processing:
    cmd: python3 src/data/data_prep.py
    deps:
    - path: data/raw
      hash: md5
      md5: 6943e655800134f51910892c621c7b98.dir
      size: 518984
      nfiles: 2
    - path: src/data/data_prep.py
      hash: md5
      md5: f084f7b4d5f7cf083e3aabeceb728f26
      size: 1741
    outs:
    - path: data/processed
      hash: md5
      md5: 933758be1dfda03f355d83772d1b7271.dir
      size: 543617
      nfiles: 2
  model_building:
    cmd: python3 src/model/model_building.py
    deps:
    - path: data/processed
      hash: md5
      md5: 933758be1dfda03f355d83772d1b7271.dir
      size: 543617
      nfiles: 2
    - path: src/model/model_building.py
      hash: md5
      md5: e3b12f815a39a92b819322749858f5d3
      size: 1969
    params:
      params.yaml:
        model_building.n_estimators: 1000
    outs:
    - path: models/model.pkl
      hash: md5
      md5: c64088c74492d42b6f441e5a3d771fc2
      size: 73533862
  model_evaluation:
    cmd: python3 src/model/model_eval.py
    deps:
    - path: models/model.pkl
      hash: md5
      md5: c64088c74492d42b6f441e5a3d771fc2
      size: 73533862
    - path: src/model/model_eval.py
      hash: md5
      md5: edd8132e3c5db63d091be014755201a4
      size: 2386
    outs:
    - path: reports/metrics.json
      hash: md5
      md5: 01dea8e1fa571d1122c796c42efcee31
      size: 131
